{
   "name": "ajs-3",
   "version": "1.0.0",
   "lockfileVersion": 2,
   "requires": true,
   "packages": {
      "": {
         "name": "ajs-3",
         "version": "1.0.0",
         "license": "ISC",
         "dependencies": {
            "@goldboy1001/ajs": "^1.0.0"
         }
      },
      "node_modules/@goldboy1001/ajs": {
         "version": "1.0.0",
         "resolved": "https://npm.pkg.github.com/download/@goldboy1001/ajs/1.0.0/69aa2430e2daf96c90148db43ad530bad92f0f15",
         "integrity": "sha512-JLsvCqRG25jjAu6lFH5cdPvbTslSdojmGRqgjDhRCSsXsXtmdakMuMQzsh7VCiL9qlaumybJquj8smWNMqW4/g==",
         "license": "ISC"
      }
   },
   "dependencies": {
      "@goldboy1001/ajs": {
         "version": "1.0.0",
         "resolved": "https://npm.pkg.github.com/download/@goldboy1001/ajs/1.0.0/69aa2430e2daf96c90148db43ad530bad92f0f15",
         "integrity": "sha512-JLsvCqRG25jjAu6lFH5cdPvbTslSdojmGRqgjDhRCSsXsXtmdakMuMQzsh7VCiL9qlaumybJquj8smWNMqW4/g=="
      }
   }
}
